
Microsoft Visual Studio Solution File, Format Version 12.00
# Visual Studio Version 17
VisualStudioVersion = 17.4.33110.190
MinimumVisualStudioVersion = 10.0.40219.1
Project("{9A19103F-16F7-4668-BE54-9A1E7A4F7556}") = "ListfileTool", "ListfileTool.csproj", "{3461E15D-4359-4391-9451-F06271563150}"
EndProject
Project("{FAE04EC0-301F-11D3-BF4B-00C04F79EFBC}") = "ManifestMetaTool", "..\ManifestMetaTool\ManifestMetaTool.csproj", "{FDF047F2-BDA3-47F1-A24A-BD2D54A5B0A0}"
EndProject
Global
	GlobalSection(SolutionConfigurationPlatforms) = preSolution
		Debug|Any CPU = Debug|Any CPU
		Release|Any CPU = Release|Any CPU
	EndGlobalSection
	GlobalSection(ProjectConfigurationPlatforms) = postSolution
		{3461E15D-4359-4391-9451-F06271563150}.Debug|Any CPU.ActiveCfg = Debug|Any CPU
		{3461E15D-4359-4391-9451-F06271563150}.Debug|Any CPU.Build.0 = Debug|Any CPU
		{3461E15D-4359-4391-9451-F06271563150}.Release|Any CPU.ActiveCfg = Release|Any CPU
		{3461E15D-4359-4391-9451-F06271563150}.Release|Any CPU.Build.0 = Release|Any CPU
		{FDF047F2-BDA3-47F1-A24A-BD2D54A5B0A0}.Debug|Any CPU.ActiveCfg = Debug|Any CPU
		{FDF047F2-BDA3-47F1-A24A-BD2D54A5B0A0}.Debug|Any CPU.Build.0 = Debug|Any CPU
		{FDF047F2-BDA3-47F1-A24A-BD2D54A5B0A0}.Release|Any CPU.ActiveCfg = Release|Any CPU
		{FDF047F2-BDA3-47F1-A24A-BD2D54A5B0A0}.Release|Any CPU.Build.0 = Release|Any CPU
	EndGlobalSection
	GlobalSection(SolutionProperties) = preSolution
		HideSolutionNode = FALSE
	EndGlobalSection
	GlobalSection(ExtensibilityGlobals) = postSolution
		SolutionGuid = {F5242986-1F9C-4D6D-A196-D66C11CFEC87}
	EndGlobalSection
EndGlobal
